
Microsoft Visual Studio Solution File, Format Version 12.00
# Visual Studio Version 16
VisualStudioVersion = 16.0.29728.190
MinimumVisualStudioVersion = 10.0.40219.1
Project("{8BC9CEB8-8B4A-11D0-8D11-00A0C91BC942}") = "dbzk_fps", ".vxcproj\dbzk_fps.vcxproj", "{CAEF8B47-A062-419B-9FA9-678D6F7A665D}"
EndProject
Global
	GlobalSection(SolutionConfigurationPlatforms) = preSolution
		Debug|Win64 = Debug|Win64
		Release|Win64 = Release|Win64
	EndGlobalSection
	GlobalSection(ProjectConfigurationPlatforms) = postSolution
		{CAEF8B47-A062-419B-9FA9-678D6F7A665D}.Debug|Win64.ActiveCfg = Debug|x64
		{CAEF8B47-A062-419B-9FA9-678D6F7A665D}.Debug|Win64.Build.0 = Debug|x64
		{CAEF8B47-A062-419B-9FA9-678D6F7A665D}.Release|Win64.ActiveCfg = Release|x64
		{CAEF8B47-A062-419B-9FA9-678D6F7A665D}.Release|Win64.Build.0 = Release|x64
	EndGlobalSection
	GlobalSection(SolutionProperties) = preSolution
		HideSolutionNode = FALSE
	EndGlobalSection
	GlobalSection(ExtensibilityGlobals) = postSolution
		SolutionGuid = {1AD5452F-DA3A-450D-8A8A-0E0EEBF88A2E}
	EndGlobalSection
EndGlobal
